
Microsoft Visual Studio Solution File, Format Version 12.00
# Visual Studio Version 17
VisualStudioVersion = 17.7.34031.279
MinimumVisualStudioVersion = 10.0.40219.1
Project("{9A19103F-16F7-4668-BE54-9A1E7A4F7556}") = "ShopOnlineApi", "ShopOnlineApi.csproj", "{69C2561D-9C4A-4128-90F3-E5C603441E6F}"
EndProject
Global
	GlobalSection(SolutionConfigurationPlatforms) = preSolution
		Debug|Any CPU = Debug|Any CPU
		Release|Any CPU = Release|Any CPU
	EndGlobalSection
	GlobalSection(ProjectConfigurationPlatforms) = postSolution
		{69C2561D-9C4A-4128-90F3-E5C603441E6F}.Debug|Any CPU.ActiveCfg = Debug|Any CPU
		{69C2561D-9C4A-4128-90F3-E5C603441E6F}.Debug|Any CPU.Build.0 = Debug|Any CPU
		{69C2561D-9C4A-4128-90F3-E5C603441E6F}.Release|Any CPU.ActiveCfg = Release|Any CPU
		{69C2561D-9C4A-4128-90F3-E5C603441E6F}.Release|Any CPU.Build.0 = Release|Any CPU
	EndGlobalSection
	GlobalSection(SolutionProperties) = preSolution
		HideSolutionNode = FALSE
	EndGlobalSection
	GlobalSection(ExtensibilityGlobals) = postSolution
		SolutionGuid = {1122EEE8-FF36-43A1-AEFD-AED89BFBB171}
	EndGlobalSection
EndGlobal
